schema: '2.0'
stages:
  data_ingestion:
    cmd: python src/data_ingestion.py
    deps:
    - path: src/data_ingestion.py
      hash: md5
      md5: c89e5ed6ae8993bff6f0f6e2185a5e5f
      size: 3658
    params:
      params.yaml:
        data_ingestion.test_size: 0.39
    outs:
    - path: data/raw
      hash: md5
      md5: 9555d3e9a8ffbdda77a16523b3107757.dir
      size: 484846
      nfiles: 2
  data_preprocessing:
    cmd: python src/data_preprocessing.py
    deps:
    - path: data/raw
      hash: md5
      md5: 9555d3e9a8ffbdda77a16523b3107757.dir
      size: 484846
      nfiles: 2
    - path: src/data_preprocessing.py
      hash: md5
      md5: 4ad5c311497224877c98f89b1a4dbc01
      size: 3999
    outs:
    - path: data/interim
      hash: md5
      md5: 85de35a27336b8c60026ec630528f45b.dir
      size: 263824
      nfiles: 2
  feature_engineering:
    cmd: python src/feature_engineering.py
    deps:
    - path: data/interim
      hash: md5
      md5: 85de35a27336b8c60026ec630528f45b.dir
      size: 263824
      nfiles: 2
    - path: src/feature_engineering.py
      hash: md5
      md5: cf8448c21ab5f64a81b288de0c331814
      size: 3910
    params:
      params.yaml:
        feature_engineering.max_features: 50
    outs:
    - path: data/processed
      hash: md5
      md5: f34f37146791991df9e412c6e105adb3.dir
      size: 1193926
      nfiles: 2
  model_building:
    cmd: python src/model_building.py
    deps:
    - path: data/processed
      hash: md5
      md5: f34f37146791991df9e412c6e105adb3.dir
      size: 1193926
      nfiles: 2
    - path: src/model_building.py
      hash: md5
      md5: a6b067e3637092d522e462666dd3e825
      size: 4478
    params:
      params.yaml:
        model_building.n_estimators: 25
        model_building.random_state: 2
    outs:
    - path: models/model.pkl
      hash: md5
      md5: 3b5a3273ae16d3c7cc8a0d097707094e
      size: 821006
  model_evaluation:
    cmd: python src/model_evaluation.py
    deps:
    - path: models/model.pkl
      hash: md5
      md5: 3b5a3273ae16d3c7cc8a0d097707094e
      size: 821006
    - path: src/model_evaluation.py
      hash: md5
      md5: 5b4b774d8d553145f7078d612f34d973
      size: 4694
    outs:
    - path: reports/metrics.json
      hash: md5
      md5: 6952551a1b123c432045ac31d107fb3c
      size: 144
